
Microsoft Visual Studio Solution File, Format Version 12.00
# Visual Studio Version 17
VisualStudioVersion = 17.7.34031.279
MinimumVisualStudioVersion = 10.0.40219.1
Project("{FAE04EC0-301F-11D3-BF4B-00C04F79EFBC}") = "Movies.API", "Movies.API\Movies.API.csproj", "{00F719EB-60F0-49DE-BB75-6CE9E3C27422}"
EndProject
Project("{FAE04EC0-301F-11D3-BF4B-00C04F79EFBC}") = "Movies.Client", "Movies.Client\Movies.Client.csproj", "{408158FA-2EB7-4437-83CE-146C22CD0B32}"
EndProject
Global
	GlobalSection(SolutionProperties) = preSolution
		HideSolutionNode = FALSE
	EndGlobalSection
	GlobalSection(ExtensibilityGlobals) = postSolution
		SolutionGuid = {FD116008-5DFD-4B0C-87FB-41A1BE8DC3CD}
	EndGlobalSection
	GlobalSection(SolutionConfigurationPlatforms) = preSolution
		Debug|Any CPU = Debug|Any CPU
		Debug|x64 = Debug|x64
		Debug|x86 = Debug|x86
		Release|Any CPU = Release|Any CPU
		Release|x64 = Release|x64
		Release|x86 = Release|x86
	EndGlobalSection
	GlobalSection(ProjectConfigurationPlatforms) = postSolution
		{00F719EB-60F0-49DE-BB75-6CE9E3C27422}.Debug|Any CPU.ActiveCfg = Debug|Any CPU
		{00F719EB-60F0-49DE-BB75-6CE9E3C27422}.Debug|Any CPU.Build.0 = Debug|Any CPU
		{00F719EB-60F0-49DE-BB75-6CE9E3C27422}.Debug|x64.ActiveCfg = Debug|Any CPU
		{00F719EB-60F0-49DE-BB75-6CE9E3C27422}.Debug|x64.Build.0 = Debug|Any CPU
		{00F719EB-60F0-49DE-BB75-6CE9E3C27422}.Debug|x86.ActiveCfg = Debug|Any CPU
		{00F719EB-60F0-49DE-BB75-6CE9E3C27422}.Debug|x86.Build.0 = Debug|Any CPU
		{00F719EB-60F0-49DE-BB75-6CE9E3C27422}.Release|Any CPU.ActiveCfg = Release|Any CPU
		{00F719EB-60F0-49DE-BB75-6CE9E3C27422}.Release|Any CPU.Build.0 = Release|Any CPU
		{00F719EB-60F0-49DE-BB75-6CE9E3C27422}.Release|x64.ActiveCfg = Release|Any CPU
		{00F719EB-60F0-49DE-BB75-6CE9E3C27422}.Release|x64.Build.0 = Release|Any CPU
		{00F719EB-60F0-49DE-BB75-6CE9E3C27422}.Release|x86.ActiveCfg = Release|Any CPU
		{00F719EB-60F0-49DE-BB75-6CE9E3C27422}.Release|x86.Build.0 = Release|Any CPU
		{408158FA-2EB7-4437-83CE-146C22CD0B32}.Debug|Any CPU.ActiveCfg = Debug|Any CPU
		{408158FA-2EB7-4437-83CE-146C22CD0B32}.Debug|Any CPU.Build.0 = Debug|Any CPU
		{408158FA-2EB7-4437-83CE-146C22CD0B32}.Debug|x64.ActiveCfg = Debug|Any CPU
		{408158FA-2EB7-4437-83CE-146C22CD0B32}.Debug|x64.Build.0 = Debug|Any CPU
		{408158FA-2EB7-4437-83CE-146C22CD0B32}.Debug|x86.ActiveCfg = Debug|Any CPU
		{408158FA-2EB7-4437-83CE-146C22CD0B32}.Debug|x86.Build.0 = Debug|Any CPU
		{408158FA-2EB7-4437-83CE-146C22CD0B32}.Release|Any CPU.ActiveCfg = Release|Any CPU
		{408158FA-2EB7-4437-83CE-146C22CD0B32}.Release|Any CPU.Build.0 = Release|Any CPU
		{408158FA-2EB7-4437-83CE-146C22CD0B32}.Release|x64.ActiveCfg = Release|Any CPU
		{408158FA-2EB7-4437-83CE-146C22CD0B32}.Release|x64.Build.0 = Release|Any CPU
		{408158FA-2EB7-4437-83CE-146C22CD0B32}.Release|x86.ActiveCfg = Release|Any CPU
		{408158FA-2EB7-4437-83CE-146C22CD0B32}.Release|x86.Build.0 = Release|Any CPU
	EndGlobalSection
EndGlobal
