
Microsoft Visual Studio Solution File, Format Version 12.00
# Visual Studio Version 17
VisualStudioVersion = 17.7.34031.279
MinimumVisualStudioVersion = 10.0.40219.1
Project("{2150E333-8FDC-42A3-9474-1A3956D46DE8}") = "PolyExample", "PolyExample", "{987ACDB2-6C32-4FC8-905D-DFF92B9812AA}"
EndProject
Project("{FAE04EC0-301F-11D3-BF4B-00C04F79EFBC}") = "API.Inventory", "PolyExample\API.Inventory\API.Inventory.csproj", "{997D1C9C-0B13-4D06-8E38-868C4B615F00}"
EndProject
Project("{FAE04EC0-301F-11D3-BF4B-00C04F79EFBC}") = "API.Client", "PolyExample\API.Client\API.Client.csproj", "{E5310740-7525-4CFD-9A43-F102DCFF41BD}"
EndProject
Global
	GlobalSection(SolutionProperties) = preSolution
		HideSolutionNode = FALSE
	EndGlobalSection
	GlobalSection(ExtensibilityGlobals) = postSolution
		SolutionGuid = {FD116008-5DFD-4B0C-87FB-41A1BE8DC3CD}
	EndGlobalSection
	GlobalSection(SolutionConfigurationPlatforms) = preSolution
		Debug|Any CPU = Debug|Any CPU
		Debug|x64 = Debug|x64
		Debug|x86 = Debug|x86
		Release|Any CPU = Release|Any CPU
		Release|x64 = Release|x64
		Release|x86 = Release|x86
	EndGlobalSection
	GlobalSection(ProjectConfigurationPlatforms) = postSolution
		{997D1C9C-0B13-4D06-8E38-868C4B615F00}.Debug|Any CPU.ActiveCfg = Debug|Any CPU
		{997D1C9C-0B13-4D06-8E38-868C4B615F00}.Debug|Any CPU.Build.0 = Debug|Any CPU
		{997D1C9C-0B13-4D06-8E38-868C4B615F00}.Debug|x64.ActiveCfg = Debug|Any CPU
		{997D1C9C-0B13-4D06-8E38-868C4B615F00}.Debug|x64.Build.0 = Debug|Any CPU
		{997D1C9C-0B13-4D06-8E38-868C4B615F00}.Debug|x86.ActiveCfg = Debug|Any CPU
		{997D1C9C-0B13-4D06-8E38-868C4B615F00}.Debug|x86.Build.0 = Debug|Any CPU
		{997D1C9C-0B13-4D06-8E38-868C4B615F00}.Release|Any CPU.ActiveCfg = Release|Any CPU
		{997D1C9C-0B13-4D06-8E38-868C4B615F00}.Release|Any CPU.Build.0 = Release|Any CPU
		{997D1C9C-0B13-4D06-8E38-868C4B615F00}.Release|x64.ActiveCfg = Release|Any CPU
		{997D1C9C-0B13-4D06-8E38-868C4B615F00}.Release|x64.Build.0 = Release|Any CPU
		{997D1C9C-0B13-4D06-8E38-868C4B615F00}.Release|x86.ActiveCfg = Release|Any CPU
		{997D1C9C-0B13-4D06-8E38-868C4B615F00}.Release|x86.Build.0 = Release|Any CPU
		{E5310740-7525-4CFD-9A43-F102DCFF41BD}.Debug|Any CPU.ActiveCfg = Debug|Any CPU
		{E5310740-7525-4CFD-9A43-F102DCFF41BD}.Debug|Any CPU.Build.0 = Debug|Any CPU
		{E5310740-7525-4CFD-9A43-F102DCFF41BD}.Debug|x64.ActiveCfg = Debug|Any CPU
		{E5310740-7525-4CFD-9A43-F102DCFF41BD}.Debug|x64.Build.0 = Debug|Any CPU
		{E5310740-7525-4CFD-9A43-F102DCFF41BD}.Debug|x86.ActiveCfg = Debug|Any CPU
		{E5310740-7525-4CFD-9A43-F102DCFF41BD}.Debug|x86.Build.0 = Debug|Any CPU
		{E5310740-7525-4CFD-9A43-F102DCFF41BD}.Release|Any CPU.ActiveCfg = Release|Any CPU
		{E5310740-7525-4CFD-9A43-F102DCFF41BD}.Release|Any CPU.Build.0 = Release|Any CPU
		{E5310740-7525-4CFD-9A43-F102DCFF41BD}.Release|x64.ActiveCfg = Release|Any CPU
		{E5310740-7525-4CFD-9A43-F102DCFF41BD}.Release|x64.Build.0 = Release|Any CPU
		{E5310740-7525-4CFD-9A43-F102DCFF41BD}.Release|x86.ActiveCfg = Release|Any CPU
		{E5310740-7525-4CFD-9A43-F102DCFF41BD}.Release|x86.Build.0 = Release|Any CPU
	EndGlobalSection
	GlobalSection(NestedProjects) = preSolution
		{997D1C9C-0B13-4D06-8E38-868C4B615F00} = {987ACDB2-6C32-4FC8-905D-DFF92B9812AA}
		{E5310740-7525-4CFD-9A43-F102DCFF41BD} = {987ACDB2-6C32-4FC8-905D-DFF92B9812AA}
	EndGlobalSection
EndGlobal
