
Microsoft Visual Studio Solution File, Format Version 12.00
# Visual Studio Version 17
VisualStudioVersion = 17.7.34031.279
MinimumVisualStudioVersion = 10.0.40219.1
Project("{FAE04EC0-301F-11D3-BF4B-00C04F79EFBC}") = "App.DvdRental.API", "DBCQRSExamples\App.DvdRental.API\App.DvdRental.API.csproj", "{DF6E228B-B7E2-4C18-B8D5-3F84D8BEACEA}"
EndProject
Project("{FAE04EC0-301F-11D3-BF4B-00C04F79EFBC}") = "App.DvdRental.Domain", "DBCQRSExamples\App.DvdRental.Domain\App.DvdRental.Domain.csproj", "{04A1EBA9-A9C8-49BB-B1F1-5E3DC735A371}"
EndProject
Project("{FAE04EC0-301F-11D3-BF4B-00C04F79EFBC}") = "App.DvdRental.Data", "DBCQRSExamples\App.DvdRental.Data\App.DvdRental.Data.csproj", "{F188C875-BE3F-4482-89B1-A43B709E464A}"
EndProject
Project("{FAE04EC0-301F-11D3-BF4B-00C04F79EFBC}") = "App.DvdRental.Application", "DBCQRSExamples\App.DvdRental.Application\App.DvdRental.Application.csproj", "{5DF6A554-DF64-4140-A699-B9BD0CCF501F}"
EndProject
Global
	GlobalSection(SolutionConfigurationPlatforms) = preSolution
		Debug|Any CPU = Debug|Any CPU
		Release|Any CPU = Release|Any CPU
	EndGlobalSection
	GlobalSection(ProjectConfigurationPlatforms) = postSolution
		{DF6E228B-B7E2-4C18-B8D5-3F84D8BEACEA}.Debug|Any CPU.ActiveCfg = Debug|Any CPU
		{DF6E228B-B7E2-4C18-B8D5-3F84D8BEACEA}.Debug|Any CPU.Build.0 = Debug|Any CPU
		{DF6E228B-B7E2-4C18-B8D5-3F84D8BEACEA}.Release|Any CPU.ActiveCfg = Release|Any CPU
		{DF6E228B-B7E2-4C18-B8D5-3F84D8BEACEA}.Release|Any CPU.Build.0 = Release|Any CPU
		{04A1EBA9-A9C8-49BB-B1F1-5E3DC735A371}.Debug|Any CPU.ActiveCfg = Debug|Any CPU
		{04A1EBA9-A9C8-49BB-B1F1-5E3DC735A371}.Debug|Any CPU.Build.0 = Debug|Any CPU
		{04A1EBA9-A9C8-49BB-B1F1-5E3DC735A371}.Release|Any CPU.ActiveCfg = Release|Any CPU
		{04A1EBA9-A9C8-49BB-B1F1-5E3DC735A371}.Release|Any CPU.Build.0 = Release|Any CPU
		{F188C875-BE3F-4482-89B1-A43B709E464A}.Debug|Any CPU.ActiveCfg = Debug|Any CPU
		{F188C875-BE3F-4482-89B1-A43B709E464A}.Debug|Any CPU.Build.0 = Debug|Any CPU
		{F188C875-BE3F-4482-89B1-A43B709E464A}.Release|Any CPU.ActiveCfg = Release|Any CPU
		{F188C875-BE3F-4482-89B1-A43B709E464A}.Release|Any CPU.Build.0 = Release|Any CPU
		{5DF6A554-DF64-4140-A699-B9BD0CCF501F}.Debug|Any CPU.ActiveCfg = Debug|Any CPU
		{5DF6A554-DF64-4140-A699-B9BD0CCF501F}.Debug|Any CPU.Build.0 = Debug|Any CPU
		{5DF6A554-DF64-4140-A699-B9BD0CCF501F}.Release|Any CPU.ActiveCfg = Release|Any CPU
		{5DF6A554-DF64-4140-A699-B9BD0CCF501F}.Release|Any CPU.Build.0 = Release|Any CPU
	EndGlobalSection
	GlobalSection(SolutionProperties) = preSolution
		HideSolutionNode = FALSE
	EndGlobalSection
	GlobalSection(ExtensibilityGlobals) = postSolution
		SolutionGuid = {FD116008-5DFD-4B0C-87FB-41A1BE8DC3CD}
	EndGlobalSection
EndGlobal
