
Microsoft Visual Studio Solution File, Format Version 12.00
# Visual Studio Version 17
VisualStudioVersion = 17.5.002.0
MinimumVisualStudioVersion = 10.0.40219.1
Project("{9A19103F-16F7-4668-BE54-9A1E7A4F7556}") = "App.DvdRental.Domain", "App.DvdRental.Domain\App.DvdRental.Domain.csproj", "{6A03A147-C8DF-47A9-A3D5-4FBADF41977E}"
EndProject
Project("{9A19103F-16F7-4668-BE54-9A1E7A4F7556}") = "App.DvdRental.Data", "App.DvdRental.Data\App.DvdRental.Data.csproj", "{D19462BE-39D9-4F0B-AB91-BD35F94EBA72}"
EndProject
Project("{9A19103F-16F7-4668-BE54-9A1E7A4F7556}") = "App.DvdRental.Application", "App.DvdRental.Application\App.DvdRental.Application.csproj", "{2B3E348A-D9DC-45DB-B80E-A58C205A2E01}"
EndProject
Project("{9A19103F-16F7-4668-BE54-9A1E7A4F7556}") = "App.DvdRental.API", "App.DvdRental.API\App.DvdRental.API.csproj", "{657EC5DB-FBAD-472C-8484-20163F11B3F2}"
EndProject
Global
	GlobalSection(SolutionConfigurationPlatforms) = preSolution
		Debug|Any CPU = Debug|Any CPU
		Release|Any CPU = Release|Any CPU
	EndGlobalSection
	GlobalSection(ProjectConfigurationPlatforms) = postSolution
		{6A03A147-C8DF-47A9-A3D5-4FBADF41977E}.Debug|Any CPU.ActiveCfg = Debug|Any CPU
		{6A03A147-C8DF-47A9-A3D5-4FBADF41977E}.Debug|Any CPU.Build.0 = Debug|Any CPU
		{6A03A147-C8DF-47A9-A3D5-4FBADF41977E}.Release|Any CPU.ActiveCfg = Release|Any CPU
		{6A03A147-C8DF-47A9-A3D5-4FBADF41977E}.Release|Any CPU.Build.0 = Release|Any CPU
		{D19462BE-39D9-4F0B-AB91-BD35F94EBA72}.Debug|Any CPU.ActiveCfg = Debug|Any CPU
		{D19462BE-39D9-4F0B-AB91-BD35F94EBA72}.Debug|Any CPU.Build.0 = Debug|Any CPU
		{D19462BE-39D9-4F0B-AB91-BD35F94EBA72}.Release|Any CPU.ActiveCfg = Release|Any CPU
		{D19462BE-39D9-4F0B-AB91-BD35F94EBA72}.Release|Any CPU.Build.0 = Release|Any CPU
		{2B3E348A-D9DC-45DB-B80E-A58C205A2E01}.Debug|Any CPU.ActiveCfg = Debug|Any CPU
		{2B3E348A-D9DC-45DB-B80E-A58C205A2E01}.Debug|Any CPU.Build.0 = Debug|Any CPU
		{2B3E348A-D9DC-45DB-B80E-A58C205A2E01}.Release|Any CPU.ActiveCfg = Release|Any CPU
		{2B3E348A-D9DC-45DB-B80E-A58C205A2E01}.Release|Any CPU.Build.0 = Release|Any CPU
		{657EC5DB-FBAD-472C-8484-20163F11B3F2}.Debug|Any CPU.ActiveCfg = Debug|Any CPU
		{657EC5DB-FBAD-472C-8484-20163F11B3F2}.Debug|Any CPU.Build.0 = Debug|Any CPU
		{657EC5DB-FBAD-472C-8484-20163F11B3F2}.Release|Any CPU.ActiveCfg = Release|Any CPU
		{657EC5DB-FBAD-472C-8484-20163F11B3F2}.Release|Any CPU.Build.0 = Release|Any CPU
	EndGlobalSection
	GlobalSection(SolutionProperties) = preSolution
		HideSolutionNode = FALSE
	EndGlobalSection
	GlobalSection(ExtensibilityGlobals) = postSolution
		SolutionGuid = {AC13752B-D818-4624-A874-A91F837F4407}
	EndGlobalSection
EndGlobal
